
Microsoft Visual Studio Solution File, Format Version 12.00
# Visual Studio 2017
Project("{FAE04EC0-301F-11D3-BF4B-00C04F79EFBC}") = "Awesome Runner", "Awesome Runner.csproj", "{780BF0B6-A215-4C85-9278-2B51D699A15E}"
EndProject
Global
	GlobalSection(SolutionConfigurationPlatforms) = preSolution
		Debug|Any CPU = Debug|Any CPU
		Release|Any CPU = Release|Any CPU
	EndGlobalSection
	GlobalSection(ProjectConfigurationPlatforms) = postSolution
		{780BF0B6-A215-4C85-9278-2B51D699A15E}.Debug|Any CPU.ActiveCfg = Debug|Any CPU
		{780BF0B6-A215-4C85-9278-2B51D699A15E}.Debug|Any CPU.Build.0 = Debug|Any CPU
		{780BF0B6-A215-4C85-9278-2B51D699A15E}.Release|Any CPU.ActiveCfg = Release|Any CPU
		{780BF0B6-A215-4C85-9278-2B51D699A15E}.Release|Any CPU.Build.0 = Release|Any CPU
	EndGlobalSection
	GlobalSection(SolutionProperties) = preSolution
		HideSolutionNode = FALSE
	EndGlobalSection
EndGlobal
